// !$*UTF8*$!
{
	archiveVersion = 1;
	classes = {
	};
	objectVersion = 56;
	objects = {

/* Begin PBXBuildFile section */
		E80325612A42FD51006AE4C5 /* CollectionViewCell.swift in Sources */ = {isa = PBXBuildFile; fileRef = E80325602A42FD51006AE4C5 /* CollectionViewCell.swift */; };
		E80325642A430263006AE4C5 /* SDWebImage in Frameworks */ = {isa = PBXBuildFile; productRef = E80325632A430263006AE4C5 /* SDWebImage */; };
		E80325662A430263006AE4C5 /* SDWebImageMapKit in Frameworks */ = {isa = PBXBuildFile; productRef = E80325652A430263006AE4C5 /* SDWebImageMapKit */; };
		E827D2592A482077002E8E6D /* TableViewCell.swift in Sources */ = {isa = PBXBuildFile; fileRef = E827D2582A482077002E8E6D /* TableViewCell.swift */; };
		E827D25B2A482E43002E8E6D /* MovieViewModel.swift in Sources */ = {isa = PBXBuildFile; fileRef = E827D25A2A482E43002E8E6D /* MovieViewModel.swift */; };
		E835B2B32A386E7D009367EF /* HeroHeaderUIView.swift in Sources */ = {isa = PBXBuildFile; fileRef = E835B2B22A386E7D009367EF /* HeroHeaderUIView.swift */; };
		E845A5692A41A71500F809C6 /* String+.swift in Sources */ = {isa = PBXBuildFile; fileRef = E845A5682A41A71500F809C6 /* String+.swift */; };
		E845A56B2A41AE9E00F809C6 /* TV.swift in Sources */ = {isa = PBXBuildFile; fileRef = E845A56A2A41AE9E00F809C6 /* TV.swift */; };
		E858C91B2A5801E800BA0EF8 /* SearchResultsViewController.swift in Sources */ = {isa = PBXBuildFile; fileRef = E858C91A2A5801E800BA0EF8 /* SearchResultsViewController.swift */; };
		E8885D292A407681006D9D04 /* Movie.swift in Sources */ = {isa = PBXBuildFile; fileRef = E8885D282A407681006D9D04 /* Movie.swift */; };
		E8C4B0782A345E4C00D77F9D /* AppDelegate.swift in Sources */ = {isa = PBXBuildFile; fileRef = E8C4B0772A345E4C00D77F9D /* AppDelegate.swift */; };
		E8C4B07A2A345E4C00D77F9D /* SceneDelegate.swift in Sources */ = {isa = PBXBuildFile; fileRef = E8C4B0792A345E4C00D77F9D /* SceneDelegate.swift */; };
		E8C4B07C2A345E4C00D77F9D /* MainTabBarViewController.swift in Sources */ = {isa = PBXBuildFile; fileRef = E8C4B07B2A345E4C00D77F9D /* MainTabBarViewController.swift */; };
		E8C4B0812A345E4D00D77F9D /* Assets.xcassets in Resources */ = {isa = PBXBuildFile; fileRef = E8C4B0802A345E4D00D77F9D /* Assets.xcassets */; };
		E8C4B0842A345E4D00D77F9D /* LaunchScreen.storyboard in Resources */ = {isa = PBXBuildFile; fileRef = E8C4B0822A345E4D00D77F9D /* LaunchScreen.storyboard */; };
		E8C4B08D2A348ED800D77F9D /* HomeViewController.swift in Sources */ = {isa = PBXBuildFile; fileRef = E8C4B08C2A348ED800D77F9D /* HomeViewController.swift */; };
		E8C4B08F2A348F3B00D77F9D /* UpcomingViewController.swift in Sources */ = {isa = PBXBuildFile; fileRef = E8C4B08E2A348F3B00D77F9D /* UpcomingViewController.swift */; };
		E8C4B0912A348F8800D77F9D /* SearchViewController.swift in Sources */ = {isa = PBXBuildFile; fileRef = E8C4B0902A348F8800D77F9D /* SearchViewController.swift */; };
		E8C4B0932A348FB000D77F9D /* DownloadsViewController.swift in Sources */ = {isa = PBXBuildFile; fileRef = E8C4B0922A348FB000D77F9D /* DownloadsViewController.swift */; };
		E8D8C83A2A3F120E002DED3F /* APICaller.swift in Sources */ = {isa = PBXBuildFile; fileRef = E8D8C8392A3F120E002DED3F /* APICaller.swift */; };
		E8DCC53C2A56CD35004E85C5 /* FetchDataWithCompletionHandler+.swift in Sources */ = {isa = PBXBuildFile; fileRef = E8DCC53B2A56CD35004E85C5 /* FetchDataWithCompletionHandler+.swift */; };
		E8DCC53E2A56D47C004E85C5 /* FetchDataWithConcurrency+.swift in Sources */ = {isa = PBXBuildFile; fileRef = E8DCC53D2A56D47C004E85C5 /* FetchDataWithConcurrency+.swift */; };
		E8DCC5402A56D6F5004E85C5 /* FetchDataWithCombine+.swift in Sources */ = {isa = PBXBuildFile; fileRef = E8DCC53F2A56D6F5004E85C5 /* FetchDataWithCombine+.swift */; };
		E8E573E32A35D5AE0088130C /* CollectionViewTableViewCell.swift in Sources */ = {isa = PBXBuildFile; fileRef = E8E573E22A35D5AE0088130C /* CollectionViewTableViewCell.swift */; };
/* End PBXBuildFile section */

/* Begin PBXFileReference section */
		E80325602A42FD51006AE4C5 /* CollectionViewCell.swift */ = {isa = PBXFileReference; lastKnownFileType = sourcecode.swift; path = CollectionViewCell.swift; sourceTree = "<group>"; };
		E827D2582A482077002E8E6D /* TableViewCell.swift */ = {isa = PBXFileReference; lastKnownFileType = sourcecode.swift; path = TableViewCell.swift; sourceTree = "<group>"; };
		E827D25A2A482E43002E8E6D /* MovieViewModel.swift */ = {isa = PBXFileReference; lastKnownFileType = sourcecode.swift; path = MovieViewModel.swift; sourceTree = "<group>"; };
		E835B2B22A386E7D009367EF /* HeroHeaderUIView.swift */ = {isa = PBXFileReference; lastKnownFileType = sourcecode.swift; path = HeroHeaderUIView.swift; sourceTree = "<group>"; };
		E845A5682A41A71500F809C6 /* String+.swift */ = {isa = PBXFileReference; lastKnownFileType = sourcecode.swift; path = "String+.swift"; sourceTree = "<group>"; };
		E845A56A2A41AE9E00F809C6 /* TV.swift */ = {isa = PBXFileReference; lastKnownFileType = sourcecode.swift; path = TV.swift; sourceTree = "<group>"; };
		E858C91A2A5801E800BA0EF8 /* SearchResultsViewController.swift */ = {isa = PBXFileReference; lastKnownFileType = sourcecode.swift; path = SearchResultsViewController.swift; sourceTree = "<group>"; };
		E8885D282A407681006D9D04 /* Movie.swift */ = {isa = PBXFileReference; lastKnownFileType = sourcecode.swift; path = Movie.swift; sourceTree = "<group>"; };
		E8C4B0742A345E4C00D77F9D /* Netflix-clone.app */ = {isa = PBXFileReference; explicitFileType = wrapper.application; includeInIndex = 0; path = "Netflix-clone.app"; sourceTree = BUILT_PRODUCTS_DIR; };
		E8C4B0772A345E4C00D77F9D /* AppDelegate.swift */ = {isa = PBXFileReference; lastKnownFileType = sourcecode.swift; path = AppDelegate.swift; sourceTree = "<group>"; };
		E8C4B0792A345E4C00D77F9D /* SceneDelegate.swift */ = {isa = PBXFileReference; lastKnownFileType = sourcecode.swift; path = SceneDelegate.swift; sourceTree = "<group>"; };
		E8C4B07B2A345E4C00D77F9D /* MainTabBarViewController.swift */ = {isa = PBXFileReference; lastKnownFileType = sourcecode.swift; path = MainTabBarViewController.swift; sourceTree = "<group>"; };
		E8C4B0802A345E4D00D77F9D /* Assets.xcassets */ = {isa = PBXFileReference; lastKnownFileType = folder.assetcatalog; path = Assets.xcassets; sourceTree = "<group>"; };
		E8C4B0832A345E4D00D77F9D /* Base */ = {isa = PBXFileReference; lastKnownFileType = file.storyboard; name = Base; path = Base.lproj/LaunchScreen.storyboard; sourceTree = "<group>"; };
		E8C4B0852A345E4D00D77F9D /* Info.plist */ = {isa = PBXFileReference; lastKnownFileType = text.plist.xml; path = Info.plist; sourceTree = "<group>"; };
		E8C4B08C2A348ED800D77F9D /* HomeViewController.swift */ = {isa = PBXFileReference; lastKnownFileType = sourcecode.swift; path = HomeViewController.swift; sourceTree = "<group>"; };
		E8C4B08E2A348F3B00D77F9D /* UpcomingViewController.swift */ = {isa = PBXFileReference; lastKnownFileType = sourcecode.swift; path = UpcomingViewController.swift; sourceTree = "<group>"; };
		E8C4B0902A348F8800D77F9D /* SearchViewController.swift */ = {isa = PBXFileReference; lastKnownFileType = sourcecode.swift; path = SearchViewController.swift; sourceTree = "<group>"; };
		E8C4B0922A348FB000D77F9D /* DownloadsViewController.swift */ = {isa = PBXFileReference; lastKnownFileType = sourcecode.swift; path = DownloadsViewController.swift; sourceTree = "<group>"; };
		E8D8C8392A3F120E002DED3F /* APICaller.swift */ = {isa = PBXFileReference; lastKnownFileType = sourcecode.swift; path = APICaller.swift; sourceTree = "<group>"; };
		E8D8C83C2A3F2AF0002DED3F /* Secret.xcconfig */ = {isa = PBXFileReference; lastKnownFileType = text.xcconfig; path = Secret.xcconfig; sourceTree = "<group>"; };
		E8DCC53B2A56CD35004E85C5 /* FetchDataWithCompletionHandler+.swift */ = {isa = PBXFileReference; lastKnownFileType = sourcecode.swift; path = "FetchDataWithCompletionHandler+.swift"; sourceTree = "<group>"; };
		E8DCC53D2A56D47C004E85C5 /* FetchDataWithConcurrency+.swift */ = {isa = PBXFileReference; lastKnownFileType = sourcecode.swift; path = "FetchDataWithConcurrency+.swift"; sourceTree = "<group>"; };
		E8DCC53F2A56D6F5004E85C5 /* FetchDataWithCombine+.swift */ = {isa = PBXFileReference; lastKnownFileType = sourcecode.swift; path = "FetchDataWithCombine+.swift"; sourceTree = "<group>"; };
		E8E573E22A35D5AE0088130C /* CollectionViewTableViewCell.swift */ = {isa = PBXFileReference; lastKnownFileType = sourcecode.swift; path = CollectionViewTableViewCell.swift; sourceTree = "<group>"; };
/* End PBXFileReference section */

/* Begin PBXFrameworksBuildPhase section */
		E8C4B0712A345E4C00D77F9D /* Frameworks */ = {
			isa = PBXFrameworksBuildPhase;
			buildActionMask = 2147483647;
			files = (
				E80325662A430263006AE4C5 /* SDWebImageMapKit in Frameworks */,
				E80325642A430263006AE4C5 /* SDWebImage in Frameworks */,
			);
			runOnlyForDeploymentPostprocessing = 0;
		};
/* End PBXFrameworksBuildPhase section */

/* Begin PBXGroup section */
		E827D25C2A4837EE002E8E6D /* HomeView */ = {
			isa = PBXGroup;
			children = (
				E835B2B22A386E7D009367EF /* HeroHeaderUIView.swift */,
				E8E573E22A35D5AE0088130C /* CollectionViewTableViewCell.swift */,
				E80325602A42FD51006AE4C5 /* CollectionViewCell.swift */,
			);
			path = HomeView;
			sourceTree = "<group>";
		};
		E827D25D2A48381E002E8E6D /* UpcomingView */ = {
			isa = PBXGroup;
			children = (
				E827D2582A482077002E8E6D /* TableViewCell.swift */,
			);
			path = UpcomingView;
			sourceTree = "<group>";
		};
		E845A5662A41A5F500F809C6 /* Resources */ = {
			isa = PBXGroup;
			children = (
				E845A5672A41A6FD00F809C6 /* Extensions */,
			);
			path = Resources;
			sourceTree = "<group>";
		};
		E845A5672A41A6FD00F809C6 /* Extensions */ = {
			isa = PBXGroup;
			children = (
				E845A5682A41A71500F809C6 /* String+.swift */,
				E8DCC53B2A56CD35004E85C5 /* FetchDataWithCompletionHandler+.swift */,
				E8DCC53D2A56D47C004E85C5 /* FetchDataWithConcurrency+.swift */,
				E8DCC53F2A56D6F5004E85C5 /* FetchDataWithCombine+.swift */,
			);
			path = Extensions;
			sourceTree = "<group>";
		};
		E858C91C2A58026200BA0EF8 /* Core */ = {
			isa = PBXGroup;
			children = (
				E8C4B07B2A345E4C00D77F9D /* MainTabBarViewController.swift */,
				E8C4B08C2A348ED800D77F9D /* HomeViewController.swift */,
				E8C4B08E2A348F3B00D77F9D /* UpcomingViewController.swift */,
				E8C4B0902A348F8800D77F9D /* SearchViewController.swift */,
				E8C4B0922A348FB000D77F9D /* DownloadsViewController.swift */,
			);
			path = Core;
			sourceTree = "<group>";
		};
		E858C91D2A5802E300BA0EF8 /* General */ = {
			isa = PBXGroup;
			children = (
				E858C91A2A5801E800BA0EF8 /* SearchResultsViewController.swift */,
			);
			path = General;
			sourceTree = "<group>";
		};
		E8C4B06B2A345E4C00D77F9D = {
			isa = PBXGroup;
			children = (
				E8C4B0762A345E4C00D77F9D /* Netflix-clone */,
				E8C4B0752A345E4C00D77F9D /* Products */,
			);
			sourceTree = "<group>";
		};
		E8C4B0752A345E4C00D77F9D /* Products */ = {
			isa = PBXGroup;
			children = (
				E8C4B0742A345E4C00D77F9D /* Netflix-clone.app */,
			);
			name = Products;
			sourceTree = "<group>";
		};
		E8C4B0762A345E4C00D77F9D /* Netflix-clone */ = {
			isa = PBXGroup;
			children = (
				E8C4B0772A345E4C00D77F9D /* AppDelegate.swift */,
				E8C4B0792A345E4C00D77F9D /* SceneDelegate.swift */,
				E8E573E02A35D4DF0088130C /* Models */,
				E8E573DF2A35D4B40088130C /* Views */,
				E8E573E12A35D4EF0088130C /* ViewModels */,
				E8C4B08B2A348E8B00D77F9D /* Controllers */,
				E8D8C83B2A3F1213002DED3F /* Services */,
				E845A5662A41A5F500F809C6 /* Resources */,
				E8C4B0802A345E4D00D77F9D /* Assets.xcassets */,
				E8C4B0822A345E4D00D77F9D /* LaunchScreen.storyboard */,
				E8C4B0852A345E4D00D77F9D /* Info.plist */,
				E8D8C83C2A3F2AF0002DED3F /* Secret.xcconfig */,
			);
			path = "Netflix-clone";
			sourceTree = "<group>";
		};
		E8C4B08B2A348E8B00D77F9D /* Controllers */ = {
			isa = PBXGroup;
			children = (
				E858C91D2A5802E300BA0EF8 /* General */,
				E858C91C2A58026200BA0EF8 /* Core */,
			);
			path = Controllers;
			sourceTree = "<group>";
		};
		E8D8C83B2A3F1213002DED3F /* Services */ = {
			isa = PBXGroup;
			children = (
				E8D8C8392A3F120E002DED3F /* APICaller.swift */,
			);
			path = Services;
			sourceTree = "<group>";
		};
		E8E573DF2A35D4B40088130C /* Views */ = {
			isa = PBXGroup;
			children = (
				E827D25C2A4837EE002E8E6D /* HomeView */,
				E827D25D2A48381E002E8E6D /* UpcomingView */,
			);
			path = Views;
			sourceTree = "<group>";
		};
		E8E573E02A35D4DF0088130C /* Models */ = {
			isa = PBXGroup;
			children = (
				E8885D282A407681006D9D04 /* Movie.swift */,
				E845A56A2A41AE9E00F809C6 /* TV.swift */,
			);
			path = Models;
			sourceTree = "<group>";
		};
		E8E573E12A35D4EF0088130C /* ViewModels */ = {
			isa = PBXGroup;
			children = (
				E827D25A2A482E43002E8E6D /* MovieViewModel.swift */,
			);
			path = ViewModels;
			sourceTree = "<group>";
		};
/* End PBXGroup section */

/* Begin PBXNativeTarget section */
		E8C4B0732A345E4C00D77F9D /* Netflix-clone */ = {
			isa = PBXNativeTarget;
			buildConfigurationList = E8C4B0882A345E4D00D77F9D /* Build configuration list for PBXNativeTarget "Netflix-clone" */;
			buildPhases = (
				E8C4B0702A345E4C00D77F9D /* Sources */,
				E8C4B0712A345E4C00D77F9D /* Frameworks */,
				E8C4B0722A345E4C00D77F9D /* Resources */,
			);
			buildRules = (
			);
			dependencies = (
			);
			name = "Netflix-clone";
			packageProductDependencies = (
				E80325632A430263006AE4C5 /* SDWebImage */,
				E80325652A430263006AE4C5 /* SDWebImageMapKit */,
			);
			productName = "Netflix-clone";
			productReference = E8C4B0742A345E4C00D77F9D /* Netflix-clone.app */;
			productType = "com.apple.product-type.application";
		};
/* End PBXNativeTarget section */

/* Begin PBXProject section */
		E8C4B06C2A345E4C00D77F9D /* Project object */ = {
			isa = PBXProject;
			attributes = {
				BuildIndependentTargetsInParallel = 1;
				LastSwiftUpdateCheck = 1430;
				LastUpgradeCheck = 1430;
				TargetAttributes = {
					E8C4B0732A345E4C00D77F9D = {
						CreatedOnToolsVersion = 14.3.1;
					};
				};
			};
			buildConfigurationList = E8C4B06F2A345E4C00D77F9D /* Build configuration list for PBXProject "Netflix-clone" */;
			compatibilityVersion = "Xcode 14.0";
			developmentRegion = en;
			hasScannedForEncodings = 0;
			knownRegions = (
				en,
				Base,
			);
			mainGroup = E8C4B06B2A345E4C00D77F9D;
			packageReferences = (
				E80325622A430263006AE4C5 /* XCRemoteSwiftPackageReference "SDWebImage" */,
			);
			productRefGroup = E8C4B0752A345E4C00D77F9D /* Products */;
			projectDirPath = "";
			projectRoot = "";
			targets = (
				E8C4B0732A345E4C00D77F9D /* Netflix-clone */,
			);
		};
/* End PBXProject section */

/* Begin PBXResourcesBuildPhase section */
		E8C4B0722A345E4C00D77F9D /* Resources */ = {
			isa = PBXResourcesBuildPhase;
			buildActionMask = 2147483647;
			files = (
				E8C4B0842A345E4D00D77F9D /* LaunchScreen.storyboard in Resources */,
				E8C4B0812A345E4D00D77F9D /* Assets.xcassets in Resources */,
			);
			runOnlyForDeploymentPostprocessing = 0;
		};
/* End PBXResourcesBuildPhase section */

/* Begin PBXSourcesBuildPhase section */
		E8C4B0702A345E4C00D77F9D /* Sources */ = {
			isa = PBXSourcesBuildPhase;
			buildActionMask = 2147483647;
			files = (
				E8C4B0912A348F8800D77F9D /* SearchViewController.swift in Sources */,
				E8C4B07C2A345E4C00D77F9D /* MainTabBarViewController.swift in Sources */,
				E8E573E32A35D5AE0088130C /* CollectionViewTableViewCell.swift in Sources */,
				E8D8C83A2A3F120E002DED3F /* APICaller.swift in Sources */,
				E835B2B32A386E7D009367EF /* HeroHeaderUIView.swift in Sources */,
				E8C4B0932A348FB000D77F9D /* DownloadsViewController.swift in Sources */,
				E8C4B0782A345E4C00D77F9D /* AppDelegate.swift in Sources */,
				E80325612A42FD51006AE4C5 /* CollectionViewCell.swift in Sources */,
				E8C4B07A2A345E4C00D77F9D /* SceneDelegate.swift in Sources */,
				E858C91B2A5801E800BA0EF8 /* SearchResultsViewController.swift in Sources */,
				E845A56B2A41AE9E00F809C6 /* TV.swift in Sources */,
				E827D2592A482077002E8E6D /* TableViewCell.swift in Sources */,
				E827D25B2A482E43002E8E6D /* MovieViewModel.swift in Sources */,
				E8C4B08F2A348F3B00D77F9D /* UpcomingViewController.swift in Sources */,
				E8885D292A407681006D9D04 /* Movie.swift in Sources */,
				E8DCC53E2A56D47C004E85C5 /* FetchDataWithConcurrency+.swift in Sources */,
				E8DCC53C2A56CD35004E85C5 /* FetchDataWithCompletionHandler+.swift in Sources */,
				E845A5692A41A71500F809C6 /* String+.swift in Sources */,
				E8C4B08D2A348ED800D77F9D /* HomeViewController.swift in Sources */,
				E8DCC5402A56D6F5004E85C5 /* FetchDataWithCombine+.swift in Sources */,
			);
			runOnlyForDeploymentPostprocessing = 0;
		};
/* End PBXSourcesBuildPhase section */

/* Begin PBXVariantGroup section */
		E8C4B0822A345E4D00D77F9D /* LaunchScreen.storyboard */ = {
			isa = PBXVariantGroup;
			children = (
				E8C4B0832A345E4D00D77F9D /* Base */,
			);
			name = LaunchScreen.storyboard;
			sourceTree = "<group>";
		};
/* End PBXVariantGroup section */

/* Begin XCBuildConfiguration section */
		E8C4B0862A345E4D00D77F9D /* Debug */ = {
			isa = XCBuildConfiguration;
			buildSettings = {
				ALWAYS_SEARCH_USER_PATHS = NO;
				CLANG_ANALYZER_NONNULL = YES;
				CLANG_ANALYZER_NUMBER_OBJECT_CONVERSION = YES_AGGRESSIVE;
				CLANG_CXX_LANGUAGE_STANDARD = "gnu++20";
				CLANG_ENABLE_MODULES = YES;
				CLANG_ENABLE_OBJC_ARC = YES;
				CLANG_ENABLE_OBJC_WEAK = YES;
				CLANG_WARN_BLOCK_CAPTURE_AUTORELEASING = YES;
				CLANG_WARN_BOOL_CONVERSION = YES;
				CLANG_WARN_COMMA = YES;
				CLANG_WARN_CONSTANT_CONVERSION = YES;
				CLANG_WARN_DEPRECATED_OBJC_IMPLEMENTATIONS = YES;
				CLANG_WARN_DIRECT_OBJC_ISA_USAGE = YES_ERROR;
				CLANG_WARN_DOCUMENTATION_COMMENTS = YES;
				CLANG_WARN_EMPTY_BODY = YES;
				CLANG_WARN_ENUM_CONVERSION = YES;
				CLANG_WARN_INFINITE_RECURSION = YES;
				CLANG_WARN_INT_CONVERSION = YES;
				CLANG_WARN_NON_LITERAL_NULL_CONVERSION = YES;
				CLANG_WARN_OBJC_IMPLICIT_RETAIN_SELF = YES;
				CLANG_WARN_OBJC_LITERAL_CONVERSION = YES;
				CLANG_WARN_OBJC_ROOT_CLASS = YES_ERROR;
				CLANG_WARN_QUOTED_INCLUDE_IN_FRAMEWORK_HEADER = YES;
				CLANG_WARN_RANGE_LOOP_ANALYSIS = YES;
				CLANG_WARN_STRICT_PROTOTYPES = YES;
				CLANG_WARN_SUSPICIOUS_MOVE = YES;
				CLANG_WARN_UNGUARDED_AVAILABILITY = YES_AGGRESSIVE;
				CLANG_WARN_UNREACHABLE_CODE = YES;
				CLANG_WARN__DUPLICATE_METHOD_MATCH = YES;
				COPY_PHASE_STRIP = NO;
				DEBUG_INFORMATION_FORMAT = dwarf;
				ENABLE_STRICT_OBJC_MSGSEND = YES;
				ENABLE_TESTABILITY = YES;
				GCC_C_LANGUAGE_STANDARD = gnu11;
				GCC_DYNAMIC_NO_PIC = NO;
				GCC_NO_COMMON_BLOCKS = YES;
				GCC_OPTIMIZATION_LEVEL = 0;
				GCC_PREPROCESSOR_DEFINITIONS = (
					"DEBUG=1",
					"$(inherited)",
				);
				GCC_WARN_64_TO_32_BIT_CONVERSION = YES;
				GCC_WARN_ABOUT_RETURN_TYPE = YES_ERROR;
				GCC_WARN_UNDECLARED_SELECTOR = YES;
				GCC_WARN_UNINITIALIZED_AUTOS = YES_AGGRESSIVE;
				GCC_WARN_UNUSED_FUNCTION = YES;
				GCC_WARN_UNUSED_VARIABLE = YES;
				IPHONEOS_DEPLOYMENT_TARGET = 15.0;
				MTL_ENABLE_DEBUG_INFO = INCLUDE_SOURCE;
				MTL_FAST_MATH = YES;
				ONLY_ACTIVE_ARCH = YES;
				SDKROOT = iphoneos;
				SWIFT_ACTIVE_COMPILATION_CONDITIONS = DEBUG;
				SWIFT_OPTIMIZATION_LEVEL = "-Onone";
			};
			name = Debug;
		};
		E8C4B0872A345E4D00D77F9D /* Release */ = {
			isa = XCBuildConfiguration;
			buildSettings = {
				ALWAYS_SEARCH_USER_PATHS = NO;
				CLANG_ANALYZER_NONNULL = YES;
				CLANG_ANALYZER_NUMBER_OBJECT_CONVERSION = YES_AGGRESSIVE;
				CLANG_CXX_LANGUAGE_STANDARD = "gnu++20";
				CLANG_ENABLE_MODULES = YES;
				CLANG_ENABLE_OBJC_ARC = YES;
				CLANG_ENABLE_OBJC_WEAK = YES;
				CLANG_WARN_BLOCK_CAPTURE_AUTORELEASING = YES;
				CLANG_WARN_BOOL_CONVERSION = YES;
				CLANG_WARN_COMMA = YES;
				CLANG_WARN_CONSTANT_CONVERSION = YES;
				CLANG_WARN_DEPRECATED_OBJC_IMPLEMENTATIONS = YES;
				CLANG_WARN_DIRECT_OBJC_ISA_USAGE = YES_ERROR;
				CLANG_WARN_DOCUMENTATION_COMMENTS = YES;
				CLANG_WARN_EMPTY_BODY = YES;
				CLANG_WARN_ENUM_CONVERSION = YES;
				CLANG_WARN_INFINITE_RECURSION = YES;
				CLANG_WARN_INT_CONVERSION = YES;
				CLANG_WARN_NON_LITERAL_NULL_CONVERSION = YES;
				CLANG_WARN_OBJC_IMPLICIT_RETAIN_SELF = YES;
				CLANG_WARN_OBJC_LITERAL_CONVERSION = YES;
				CLANG_WARN_OBJC_ROOT_CLASS = YES_ERROR;
				CLANG_WARN_QUOTED_INCLUDE_IN_FRAMEWORK_HEADER = YES;
				CLANG_WARN_RANGE_LOOP_ANALYSIS = YES;
				CLANG_WARN_STRICT_PROTOTYPES = YES;
				CLANG_WARN_SUSPICIOUS_MOVE = YES;
				CLANG_WARN_UNGUARDED_AVAILABILITY = YES_AGGRESSIVE;
				CLANG_WARN_UNREACHABLE_CODE = YES;
				CLANG_WARN__DUPLICATE_METHOD_MATCH = YES;
				COPY_PHASE_STRIP = NO;
				DEBUG_INFORMATION_FORMAT = "dwarf-with-dsym";
				ENABLE_NS_ASSERTIONS = NO;
				ENABLE_STRICT_OBJC_MSGSEND = YES;
				GCC_C_LANGUAGE_STANDARD = gnu11;
				GCC_NO_COMMON_BLOCKS = YES;
				GCC_WARN_64_TO_32_BIT_CONVERSION = YES;
				GCC_WARN_ABOUT_RETURN_TYPE = YES_ERROR;
				GCC_WARN_UNDECLARED_SELECTOR = YES;
				GCC_WARN_UNINITIALIZED_AUTOS = YES_AGGRESSIVE;
				GCC_WARN_UNUSED_FUNCTION = YES;
				GCC_WARN_UNUSED_VARIABLE = YES;
				IPHONEOS_DEPLOYMENT_TARGET = 15.0;
				MTL_ENABLE_DEBUG_INFO = NO;
				MTL_FAST_MATH = YES;
				SDKROOT = iphoneos;
				SWIFT_COMPILATION_MODE = wholemodule;
				SWIFT_OPTIMIZATION_LEVEL = "-O";
				VALIDATE_PRODUCT = YES;
			};
			name = Release;
		};
		E8C4B0892A345E4D00D77F9D /* Debug */ = {
			isa = XCBuildConfiguration;
			baseConfigurationReference = E8D8C83C2A3F2AF0002DED3F /* Secret.xcconfig */;
			buildSettings = {
				ASSETCATALOG_COMPILER_APPICON_NAME = AppIcon;
				ASSETCATALOG_COMPILER_GLOBAL_ACCENT_COLOR_NAME = AccentColor;
				CODE_SIGN_STYLE = Automatic;
				CURRENT_PROJECT_VERSION = 1;
				GENERATE_INFOPLIST_FILE = YES;
				INFOPLIST_FILE = "Netflix-clone/Info.plist";
				INFOPLIST_KEY_UIApplicationSupportsIndirectInputEvents = YES;
				INFOPLIST_KEY_UILaunchStoryboardName = LaunchScreen;
				INFOPLIST_KEY_UISupportedInterfaceOrientations_iPad = "UIInterfaceOrientationPortrait UIInterfaceOrientationPortraitUpsideDown UIInterfaceOrientationLandscapeLeft UIInterfaceOrientationLandscapeRight";
				INFOPLIST_KEY_UISupportedInterfaceOrientations_iPhone = "UIInterfaceOrientationPortrait UIInterfaceOrientationLandscapeLeft UIInterfaceOrientationLandscapeRight";
				LD_RUNPATH_SEARCH_PATHS = (
					"$(inherited)",
					"@executable_path/Frameworks",
				);
				MARKETING_VERSION = 1.0;
				PRODUCT_BUNDLE_IDENTIFIER = "com.jp.Netflix-clone";
				PRODUCT_NAME = "$(TARGET_NAME)";
				SWIFT_EMIT_LOC_STRINGS = YES;
				SWIFT_VERSION = 5.0;
				TARGETED_DEVICE_FAMILY = "1,2";
			};
			name = Debug;
		};
		E8C4B08A2A345E4D00D77F9D /* Release */ = {
			isa = XCBuildConfiguration;
			buildSettings = {
				ASSETCATALOG_COMPILER_APPICON_NAME = AppIcon;
				ASSETCATALOG_COMPILER_GLOBAL_ACCENT_COLOR_NAME = AccentColor;
				CODE_SIGN_STYLE = Automatic;
				CURRENT_PROJECT_VERSION = 1;
				GENERATE_INFOPLIST_FILE = YES;
				INFOPLIST_FILE = "Netflix-clone/Info.plist";
				INFOPLIST_KEY_UIApplicationSupportsIndirectInputEvents = YES;
				INFOPLIST_KEY_UILaunchStoryboardName = LaunchScreen;
				INFOPLIST_KEY_UISupportedInterfaceOrientations_iPad = "UIInterfaceOrientationPortrait UIInterfaceOrientationPortraitUpsideDown UIInterfaceOrientationLandscapeLeft UIInterfaceOrientationLandscapeRight";
				INFOPLIST_KEY_UISupportedInterfaceOrientations_iPhone = "UIInterfaceOrientationPortrait UIInterfaceOrientationLandscapeLeft UIInterfaceOrientationLandscapeRight";
				LD_RUNPATH_SEARCH_PATHS = (
					"$(inherited)",
					"@executable_path/Frameworks",
				);
				MARKETING_VERSION = 1.0;
				PRODUCT_BUNDLE_IDENTIFIER = "com.jp.Netflix-clone";
				PRODUCT_NAME = "$(TARGET_NAME)";
				SWIFT_EMIT_LOC_STRINGS = YES;
				SWIFT_VERSION = 5.0;
				TARGETED_DEVICE_FAMILY = "1,2";
			};
			name = Release;
		};
/* End XCBuildConfiguration section */

/* Begin XCConfigurationList section */
		E8C4B06F2A345E4C00D77F9D /* Build configuration list for PBXProject "Netflix-clone" */ = {
			isa = XCConfigurationList;
			buildConfigurations = (
				E8C4B0862A345E4D00D77F9D /* Debug */,
				E8C4B0872A345E4D00D77F9D /* Release */,
			);
			defaultConfigurationIsVisible = 0;
			defaultConfigurationName = Release;
		};
		E8C4B0882A345E4D00D77F9D /* Build configuration list for PBXNativeTarget "Netflix-clone" */ = {
			isa = XCConfigurationList;
			buildConfigurations = (
				E8C4B0892A345E4D00D77F9D /* Debug */,
				E8C4B08A2A345E4D00D77F9D /* Release */,
			);
			defaultConfigurationIsVisible = 0;
			defaultConfigurationName = Release;
		};
/* End XCConfigurationList section */

/* Begin XCRemoteSwiftPackageReference section */
		E80325622A430263006AE4C5 /* XCRemoteSwiftPackageReference "SDWebImage" */ = {
			isa = XCRemoteSwiftPackageReference;
			repositoryURL = "https://github.com/SDWebImage/SDWebImage.git";
			requirement = {
				kind = upToNextMajorVersion;
				minimumVersion = 5.0.0;
			};
		};
/* End XCRemoteSwiftPackageReference section */

/* Begin XCSwiftPackageProductDependency section */
		E80325632A430263006AE4C5 /* SDWebImage */ = {
			isa = XCSwiftPackageProductDependency;
			package = E80325622A430263006AE4C5 /* XCRemoteSwiftPackageReference "SDWebImage" */;
			productName = SDWebImage;
		};
		E80325652A430263006AE4C5 /* SDWebImageMapKit */ = {
			isa = XCSwiftPackageProductDependency;
			package = E80325622A430263006AE4C5 /* XCRemoteSwiftPackageReference "SDWebImage" */;
			productName = SDWebImageMapKit;
		};
/* End XCSwiftPackageProductDependency section */
	};
	rootObject = E8C4B06C2A345E4C00D77F9D /* Project object */;
}
